
Microsoft Visual Studio Solution File, Format Version 12.00
# Visual Studio Version 17
VisualStudioVersion = 17.5.33424.131
MinimumVisualStudioVersion = 10.0.40219.1
Project("{9A19103F-16F7-4668-BE54-9A1E7A4F7556}") = "Dal", "Dal\Dal.csproj", "{A4F35897-8B30-4D99-BE72-D2CEC9A03B34}"
EndProject
Project("{9A19103F-16F7-4668-BE54-9A1E7A4F7556}") = "ItilBooking", "ItilBooking\ItilBooking.csproj", "{E19D5BE0-A392-4962-81CA-262359EF6F23}"
EndProject
Project("{FAE04EC0-301F-11D3-BF4B-00C04F79EFBC}") = "DbSeeding", "DbSeeding\DbSeeding.csproj", "{14DD8F98-17C4-4DA8-AED1-B550E45C7851}"
EndProject
Global
	GlobalSection(SolutionConfigurationPlatforms) = preSolution
		Debug|Any CPU = Debug|Any CPU
		Release|Any CPU = Release|Any CPU
	EndGlobalSection
	GlobalSection(ProjectConfigurationPlatforms) = postSolution
		{A4F35897-8B30-4D99-BE72-D2CEC9A03B34}.Debug|Any CPU.ActiveCfg = Debug|Any CPU
		{A4F35897-8B30-4D99-BE72-D2CEC9A03B34}.Debug|Any CPU.Build.0 = Debug|Any CPU
		{A4F35897-8B30-4D99-BE72-D2CEC9A03B34}.Release|Any CPU.ActiveCfg = Release|Any CPU
		{A4F35897-8B30-4D99-BE72-D2CEC9A03B34}.Release|Any CPU.Build.0 = Release|Any CPU
		{E19D5BE0-A392-4962-81CA-262359EF6F23}.Debug|Any CPU.ActiveCfg = Debug|Any CPU
		{E19D5BE0-A392-4962-81CA-262359EF6F23}.Debug|Any CPU.Build.0 = Debug|Any CPU
		{E19D5BE0-A392-4962-81CA-262359EF6F23}.Release|Any CPU.ActiveCfg = Release|Any CPU
		{E19D5BE0-A392-4962-81CA-262359EF6F23}.Release|Any CPU.Build.0 = Release|Any CPU
		{14DD8F98-17C4-4DA8-AED1-B550E45C7851}.Debug|Any CPU.ActiveCfg = Debug|Any CPU
		{14DD8F98-17C4-4DA8-AED1-B550E45C7851}.Debug|Any CPU.Build.0 = Debug|Any CPU
		{14DD8F98-17C4-4DA8-AED1-B550E45C7851}.Release|Any CPU.ActiveCfg = Release|Any CPU
		{14DD8F98-17C4-4DA8-AED1-B550E45C7851}.Release|Any CPU.Build.0 = Release|Any CPU
	EndGlobalSection
	GlobalSection(SolutionProperties) = preSolution
		HideSolutionNode = FALSE
	EndGlobalSection
	GlobalSection(ExtensibilityGlobals) = postSolution
		SolutionGuid = {6282ECF9-0940-4987-8F12-3198922950DF}
	EndGlobalSection
EndGlobal
